# Generated by buf. DO NOT EDIT.
version: v2
deps:
  - name: buf.build/bufbuild/protovalidate
    commit: 5a7b106cbb87462d9a8c9ffecdbd2e38
    digest: b5:0f2dc6c9453e9cc9e9f36807aaa5f94022e837d91fef4dcaeed79a35c0843cc64eba28ff077aab24da3b2cb12639ad256246f9f9a36c033b99d5754b19996b7e
  - name: buf.build/cncf/xds
    commit: d50c7df898474e179aa89dd2b5596996
    digest: b5:3a3c0484919471232cad8f95f44ca417c05c4b915a6cadcf195b9d66a4a734184d2d5ac504f39badeb96bdef5b9e76d98df0322476e6acb00867fe5786bcf5bb
  - name: buf.build/envoyproxy/envoy
    commit: d7cda613ff9d4e33ba323736f055234d
    digest: b5:200b9c1f4f28f16c9003b4efd8421e20043ed855d3515e62d46251079bdb33e8bcd829a9d2115d3cbcdf7f748482bb31cbb413635b14049c673d378822a30d34
  - name: buf.build/envoyproxy/protoc-gen-validate
    commit: daf171c6cdb54629b5f51e345a79e4dd
    digest: b5:c745e1521879f43740230b1df673d0729f55704efefdcfc489d4a0a2d40c92a26cacfeab62813403040a8b180142d53b398c7ca784a065e43823605ee49681de
  - name: buf.build/gimletlabs/tensorflow
    commit: 3799692af04142ca8b74619992dfeb76
    digest: b5:bbc7897513768ddb75f88b43b5d3dc53090c9e4788a9db259cf463a0c41373aa2bd753af2e2f4d1fe5befa4006b9bb5c280b59255883e55cd09114281310c278
  - name: buf.build/gnostic/gnostic
    commit: 087bc8072ce44e339f213209e4d57bf0
    digest: b5:c4eebcd04bc2fdd5dd0b8d695eb419682a650b600cdb56ff2ed61208a24603e0eb1b8ae0d467925c69a24bde6d322f3c4112bd2b8efdd682d8c3128384cdac9a
  - name: buf.build/google/cel-spec
    commit: b69910e4e9bc4712a6158b7c98acf555
    digest: b5:47844ec0ff2b201ef200de219001e8c5a785eda5eb8de9f9ace4c097045525d7fb56014a732b780f4509cfefd77882d1878afeb28e977ee892cf19ac0ae01beb
  - name: buf.build/googleapis/googleapis
    commit: e7f8d366f5264595bcc4cd4139af9973
    digest: b5:0cd69a689ee320ed815663d57d1bc3a1d6823224a7a717d46fee3a68197c25a6f5f932c0b0e49f8370c70c247a6635969a6a54af5345cafd51e0667298768aca
  - name: buf.build/opencensus/opencensus
    commit: c099df6008e041be95f2bfbfc7a20c3a
    digest: b5:c09ce029c11490aabef0f793d38c19962b6ee2c4d37302d0e27a3d6cde0a5987f407dce36b900cbad5947c61e0b56981055f2b31033b8e31dbb279daa3bf69e0
  - name: buf.build/opentelemetry/opentelemetry
    commit: 7fa05f4b0c8d4d528ada2f528839769b
    digest: b5:cb1f4b5484ff072f75f9b9b6782449dd2a6cb288b82c0e4ec35370e93b72b7ceefc7761691c8ce611244ae4d958c1ca7b2201fb15b7fa01e1e174d2d0113297f
  - name: buf.build/prometheus/client-model
    commit: e171c0b235c546d5a9a597c2961bd357
    digest: b5:c26899a8592079d1f0cc168dee57c70df022d07c450ad0560fac8a1c6b5b9f73cbc6c44a21a67afbeb32e1e2127cf02c4e7f34368c8685a33b56bd936ea4273e
  - name: buf.build/protocolbuffers/wellknowntypes
    commit: d59b7d45e69d4e129a1b797e2766f067
    digest: b5:79d98c29b4fadd41adba4396b9c628daf2db955f7a2cbd8dd00fb21911b31463948b1d2ba4ba202fad034eec23dbf9f56ea3c8dcef5f88e5b85111eadae88359
