# Generated by buf. DO NOT EDIT.
version: v1
deps:
  - remote: buf.build
    owner: bufbuild
    repository: protovalidate
    commit: f05a6f4403ce4327bae4f50f281c3ed0
    digest: shake256:668a0661b8df44d41839194896329330965fc215f3d2f88057fd60eeb759c2daf6cc6edfdd13b2a653d49fe2896ebedcb1a33c4c5b2dd10919f03ffb7fc52ae6
  - remote: buf.build
    owner: cncf
    repository: xds
    commit: 23263dcfaa964430bbca2ff54c81215c
    digest: shake256:33a6ce59eb3d36c807edbaef7b0af2193765f981d7e625ac28f2d780da0f8e92d4a70b64e6ccb8484528e3b85365a716863ce90afc6008e46056ade717da4c78
  - remote: buf.build
    owner: envoyproxy
    repository: envoy
    commit: 32659973b3f54407a8b889eea82e07ba
    digest: shake256:e21ad3f80f947257c4a9ce995a191cbe2863e8152cdd1fec572efe4662b08a4a6cbf11b0416b875890f7c9029cae23ac9a5ebbf716699c39fa447cc3dbf01f92
  - remote: buf.build
    owner: envoyproxy
    repository: protoc-gen-validate
    commit: 71881f09a0c5420a9545a07987a86728
    digest: shake256:d320bbf06653b1b2b45a1f95bfa82bf7b998221a777a042708c50d6f86a30d1a85b50c5704c597142d9b308280efe1295d39d76d1abea5f7046d3df4c8cc3cef
  - remote: buf.build
    owner: gimletlabs
    repository: tensorflow
    commit: 3799692af04142ca8b74619992dfeb76
    digest: shake256:5d685580b42e27d0b8a95ec69f6854bcc2e29d717b9d991893438648b6dd3e47e6d69e964b9b74b02c0f978aa459754a9bb39145eb089282d05ab156f6ae7e80
  - remote: buf.build
    owner: gnostic
    repository: gnostic
    commit: 087bc8072ce44e339f213209e4d57bf0
    digest: shake256:4689c26f0460fea84c4c277c1b9c7e7d657388c5b4116d1065f907a92100ffbea87de05bbd138a0166411361e1f6ce063b4c0c6002358d39710f3c4a8de788d5
  - remote: buf.build
    owner: google
    repository: cel-spec
    commit: f53499f1d3a943dd992429d381e99ab3
    digest: shake256:8fc347b32704c6873d0d75dbcc505ec0bfe34570f9e6a7ec27f95693631aed8016a3fe83b0fadfe97ae51d04127a70a812e5f75e33b615074f4a5f0831f8e2e7
  - remote: buf.build
    owner: googleapis
    repository: googleapis
    commit: 7e6f6e774e29406da95bd61cdcdbc8bc
    digest: shake256:fe43dd2265ea0c07d76bd925eeba612667cf4c948d2ce53d6e367e1b4b3cb5fa69a51e6acb1a6a50d32f894f054a35e6c0406f6808a483f2752e10c866ffbf73
  - remote: buf.build
    owner: opencensus
    repository: opencensus
    commit: 7e475551350545bda1ccb1e258c7b125
    digest: shake256:22499ad9824a29151f38e3ea026166bd2258f1f1b40d11246cb80718bff5d4a7fecd47ef857f5cd98609d7847c93329f603a4e43348abd7ac1ead22a6a964b05
  - remote: buf.build
    owner: opentelemetry
    repository: opentelemetry
    commit: 3b1a4532819a4fa4a146cebc8f7c8f16
    digest: shake256:487ca73312a2d34792549db13003259bd4549f8589c31f1c9c84aaaf84bd4635d1a735e833ffaf5bfb8382a4123fb90eb1499600c3957ff16ca78b32d9970925
  - remote: buf.build
    owner: prometheus
    repository: client-model
    commit: e61f690e68664858807ce72b723dbe12
    digest: shake256:d2f34649977416ff266e0c1f9a590714483d998140c09627c05bd1aa8a85f0665c2f42c2916d4ced5841fe4cb5140cae2895054ae612304de4ac75cc54757473
  - remote: buf.build
    owner: protocolbuffers
    repository: wellknowntypes
    commit: 11912caccc894a0e8bfa509e433b10c0
    digest: shake256:c14a5a03f8db59c57b701c95f6e524b42f3f3be251e60ccf4108d91c068a5c31b123ec402e62f8171734a663a8c8a940a1ec48c09448c88033112b45f5ae4c7f
