# Generated by buf. DO NOT EDIT.
version: v2
deps:
  - name: buf.build/bufbuild/protovalidate
    commit: 46a4cf4ba1094a34bcd89a6c67163b4b
    digest: b5:2076a950fdf4a8047064d55fd1d20ef21e6d745bf56e3edf557071abd4488ed48c9466d60831d8a03489dc1fcc8ceaa073d197411b59ecd873e28b1328034e0b
  - name: buf.build/cncf/xds
    commit: c42b0ebe1c45486d96589d15c53aa7b3
    digest: b5:a6be722c58a7bba641d8f0828e51bf1d693f0dfa42059a9c03dc4f7fce29555dd3cccbfd70859a3f951633f958651e5b1bc069a452b7dacac9009fb0cd8edfa8
  - name: buf.build/envoyproxy/envoy
    commit: 0e4b0caaec4e434d80a53c0e56bc5d99
    digest: b5:6604608a551029eded9c408e06c2938686f1891bf1051d476342b7f7e66e4a61c2d537fe4124777e3f1a1ef722afeba96c8e5078bb3ec692359a15605f868619
  - name: buf.build/envoyproxy/protoc-gen-validate
    commit: 89818263b32b46d39c9ecb5984bd2850
    digest: b5:358e1f254e6a707cbbc923c158ead73e2afc8e2fd6bafcaca5f6babef18767a0e50424a7f545404d8237c28ffe633957810160ba41af39e111b0c364a13b6f30
  - name: buf.build/gimletlabs/tensorflow
    commit: 3799692af04142ca8b74619992dfeb76
    digest: b5:bbc7897513768ddb75f88b43b5d3dc53090c9e4788a9db259cf463a0c41373aa2bd753af2e2f4d1fe5befa4006b9bb5c280b59255883e55cd09114281310c278
  - name: buf.build/gnostic/gnostic
    commit: 087bc8072ce44e339f213209e4d57bf0
    digest: b5:c4eebcd04bc2fdd5dd0b8d695eb419682a650b600cdb56ff2ed61208a24603e0eb1b8ae0d467925c69a24bde6d322f3c4112bd2b8efdd682d8c3128384cdac9a
  - name: buf.build/google/cel-spec
    commit: 3ba27d18361e49adb8d3c504155885d9
    digest: b5:21adf887bc600c07dbe7a2e2d4d0269176ac38b16d8f8682ffb5a5478ecd0accf2aeacf4372d11fdb45ce111080a01f3141608efc6c5684eb842a93e8e6bc868
  - name: buf.build/googleapis/googleapis
    commit: f0e53af8f2fc4556b94f482688b57223
    digest: b5:24e758f963ee1bb3b5218eb452e0bdfb7a5449d9a77d174b8284b6368ccc1884213689381cdcd79e4231796c281c128ac1ae50825237b1774deb542bdc704b32
  - name: buf.build/opencensus/opencensus
    commit: 7e475551350545bda1ccb1e258c7b125
    digest: b5:7c39cf691cfbae20e941f0fcb4a5bab77731a3e7c908f526a99c44cc9656bb220f9dcb7382abc3eab08249dd385b164997f8d887f377227af620d8add6b867de
  - name: buf.build/opentelemetry/opentelemetry
    commit: c7d908a3f6e44577a1dd32dd63d567ff
    digest: b5:64ba9980c6277e46926b78f6a21f01b7858db6d93cec73d3006663693478a952c56a2f32207470ce8669f3ccc1ac2d2873db59d809ea7801c2a8098e79c15769
  - name: buf.build/prometheus/client-model
    commit: bc8d436fb21e45a09c8fc56cf4e3b921
    digest: b5:898f486e066eaa92130de919833b604d5cb71d8c0e6fc2862115d22d85aff6aa12574f16beeea4c47a90173ed0fdf3248aa785406fe9e71cdfe051b2f4ed5e8b
  - name: buf.build/protocolbuffers/wellknowntypes
    commit: ee20af7d5b6044139bb9051283720274
    digest: b5:690b89ac58ca2ddc9b34eac662d8348754b464c9acc689caf4a4bea613f0704124636a53e5dbc0cc4ea2efeb696b560537f96bc1188419b94c1dcf86c997f6a3
